
Microsoft Visual Studio Solution File, Format Version 12.00
Project("{2150E333-8FDC-42A3-9474-1A3956D46DE8}") = "Aspire", "Aspire", "{2EAE87B8-B27B-4229-A541-772146931F40}"
EndProject
Project("{FAE04EC0-301F-11D3-BF4B-00C04F79EFBC}") = "DxRating.AppHost", "src\DxRating.AppHost\DxRating.AppHost.csproj", "{7D392888-74B7-42FE-BC35-F1B6C5D94BF9}"
EndProject
Project("{FAE04EC0-301F-11D3-BF4B-00C04F79EFBC}") = "DxRating.ServiceDefault", "src\DxRating.ServiceDefault\DxRating.ServiceDefault.csproj", "{680857D1-20FE-4762-8667-0B29C196DA97}"
EndProject
Project("{2150E333-8FDC-42A3-9474-1A3956D46DE8}") = "Api", "Api", "{3AD76E99-46C1-4EC1-BB0A-565F967BD38E}"
EndProject
Project("{FAE04EC0-301F-11D3-BF4B-00C04F79EFBC}") = "DxRating.Services.Api", "src\DxRating.Services.Api\DxRating.Services.Api.csproj", "{1D61D0E4-1551-4F46-A7CF-CA77C140823A}"
EndProject
Project("{FAE04EC0-301F-11D3-BF4B-00C04F79EFBC}") = "DxRating.Api", "src\DxRating.Api\DxRating.Api.csproj", "{1945FFA4-FE44-42EF-AD26-38BC8FECFC29}"
EndProject
Project("{2150E333-8FDC-42A3-9474-1A3956D46DE8}") = "Solution Items", "Solution Items", "{484C5ED1-E438-40BE-9848-48401E957FF3}"
	ProjectSection(SolutionItems) = preProject
		.editorconfig = .editorconfig
		.gitattributes = .gitattributes
		.gitignore = .gitignore
		Directory.Build.props = Directory.Build.props
		Directory.Packages.props = Directory.Packages.props
		LICENSE = LICENSE
		README.md = README.md
		DxRating.sln.DotSettings = DxRating.sln.DotSettings
	EndProjectSection
EndProject
Project("{2150E333-8FDC-42A3-9474-1A3956D46DE8}") = "Shared", "Shared", "{C1361581-5C0A-4101-9166-4551E79A343F}"
EndProject
Project("{FAE04EC0-301F-11D3-BF4B-00C04F79EFBC}") = "DxRating.Database", "src\DxRating.Database\DxRating.Database.csproj", "{12AD25C5-112B-493E-B082-0CB190D6598B}"
EndProject
Project("{FAE04EC0-301F-11D3-BF4B-00C04F79EFBC}") = "DxRating.Domain", "src\DxRating.Domain\DxRating.Domain.csproj", "{F831C6ED-540D-4615-9EA3-EE8239A7EC88}"
EndProject
Project("{FAE04EC0-301F-11D3-BF4B-00C04F79EFBC}") = "DxRating.Common", "src\DxRating.Common\DxRating.Common.csproj", "{7281E469-6962-4CD0-AD97-6B0C1DC00D80}"
EndProject
Project("{2150E333-8FDC-42A3-9474-1A3956D46DE8}") = "Worker", "Worker", "{37410517-647D-4AD7-9FC3-E3101580D598}"
EndProject
Project("{FAE04EC0-301F-11D3-BF4B-00C04F79EFBC}") = "DxRating.Worker.Jobs", "src\DxRating.Worker.Jobs\DxRating.Worker.Jobs.csproj", "{D8B6970C-1A7F-4632-9248-E29E006EE3F8}"
EndProject
Project("{2150E333-8FDC-42A3-9474-1A3956D46DE8}") = "Services", "Services", "{2E5C0806-F77C-420C-BE93-9A7299AB07BA}"
EndProject
Project("{FAE04EC0-301F-11D3-BF4B-00C04F79EFBC}") = "DxRating.Services.Authentication", "src\DxRating.Services.Authentication\DxRating.Services.Authentication.csproj", "{9B8C0B78-AC6F-4A9A-AD8D-C3420585C894}"
EndProject
Project("{FAE04EC0-301F-11D3-BF4B-00C04F79EFBC}") = "DxRating.Hosting.Smtp4dev", "src\DxRating.Hosting.Smtp4dev\DxRating.Hosting.Smtp4dev.csproj", "{1704035B-8976-4461-8C7D-3E508D0B97C7}"
EndProject
Project("{FAE04EC0-301F-11D3-BF4B-00C04F79EFBC}") = "DxRating.Services.Email", "src\DxRating.Services.Email\DxRating.Services.Email.csproj", "{6E271E45-D7C9-4E29-8051-F54B3F099D51}"
EndProject
Project("{2150E333-8FDC-42A3-9474-1A3956D46DE8}") = "Tests", "Tests", "{E3D65FD0-3C63-4A34-9352-D9F720C15271}"
EndProject
Project("{FAE04EC0-301F-11D3-BF4B-00C04F79EFBC}") = "DxRating.Tests.Common", "test\DxRating.Tests.Common\DxRating.Tests.Common.csproj", "{AD479462-8EA4-403C-B057-5368B9332C9D}"
EndProject
Project("{FAE04EC0-301F-11D3-BF4B-00C04F79EFBC}") = "DxRating.Worker.Migrator", "src\DxRating.Worker.Migrator\DxRating.Worker.Migrator.csproj", "{3F5122A3-B95B-4359-B1E1-6D66506BF7E6}"
EndProject
Project("{FAE04EC0-301F-11D3-BF4B-00C04F79EFBC}") = "DxRating.Tests.Services.Email", "test\DxRating.Tests.Services.Email\DxRating.Tests.Services.Email.csproj", "{1445ECAF-D5AC-45D2-9012-5D8B88F74C10}"
EndProject
Global
	GlobalSection(SolutionConfigurationPlatforms) = preSolution
		Debug|Any CPU = Debug|Any CPU
		Release|Any CPU = Release|Any CPU
	EndGlobalSection
	GlobalSection(NestedProjects) = preSolution
		{7D392888-74B7-42FE-BC35-F1B6C5D94BF9} = {2EAE87B8-B27B-4229-A541-772146931F40}
		{680857D1-20FE-4762-8667-0B29C196DA97} = {2EAE87B8-B27B-4229-A541-772146931F40}
		{1D61D0E4-1551-4F46-A7CF-CA77C140823A} = {3AD76E99-46C1-4EC1-BB0A-565F967BD38E}
		{1945FFA4-FE44-42EF-AD26-38BC8FECFC29} = {3AD76E99-46C1-4EC1-BB0A-565F967BD38E}
		{12AD25C5-112B-493E-B082-0CB190D6598B} = {C1361581-5C0A-4101-9166-4551E79A343F}
		{F831C6ED-540D-4615-9EA3-EE8239A7EC88} = {C1361581-5C0A-4101-9166-4551E79A343F}
		{7281E469-6962-4CD0-AD97-6B0C1DC00D80} = {C1361581-5C0A-4101-9166-4551E79A343F}
		{D8B6970C-1A7F-4632-9248-E29E006EE3F8} = {37410517-647D-4AD7-9FC3-E3101580D598}
		{9B8C0B78-AC6F-4A9A-AD8D-C3420585C894} = {2E5C0806-F77C-420C-BE93-9A7299AB07BA}
		{1704035B-8976-4461-8C7D-3E508D0B97C7} = {2EAE87B8-B27B-4229-A541-772146931F40}
		{6E271E45-D7C9-4E29-8051-F54B3F099D51} = {2E5C0806-F77C-420C-BE93-9A7299AB07BA}
		{AD479462-8EA4-403C-B057-5368B9332C9D} = {E3D65FD0-3C63-4A34-9352-D9F720C15271}
		{3F5122A3-B95B-4359-B1E1-6D66506BF7E6} = {37410517-647D-4AD7-9FC3-E3101580D598}
		{1445ECAF-D5AC-45D2-9012-5D8B88F74C10} = {E3D65FD0-3C63-4A34-9352-D9F720C15271}
	EndGlobalSection
	GlobalSection(ProjectConfigurationPlatforms) = postSolution
		{7D392888-74B7-42FE-BC35-F1B6C5D94BF9}.Debug|Any CPU.ActiveCfg = Debug|Any CPU
		{7D392888-74B7-42FE-BC35-F1B6C5D94BF9}.Debug|Any CPU.Build.0 = Debug|Any CPU
		{7D392888-74B7-42FE-BC35-F1B6C5D94BF9}.Release|Any CPU.ActiveCfg = Release|Any CPU
		{7D392888-74B7-42FE-BC35-F1B6C5D94BF9}.Release|Any CPU.Build.0 = Release|Any CPU
		{680857D1-20FE-4762-8667-0B29C196DA97}.Debug|Any CPU.ActiveCfg = Debug|Any CPU
		{680857D1-20FE-4762-8667-0B29C196DA97}.Debug|Any CPU.Build.0 = Debug|Any CPU
		{680857D1-20FE-4762-8667-0B29C196DA97}.Release|Any CPU.ActiveCfg = Release|Any CPU
		{680857D1-20FE-4762-8667-0B29C196DA97}.Release|Any CPU.Build.0 = Release|Any CPU
		{1D61D0E4-1551-4F46-A7CF-CA77C140823A}.Debug|Any CPU.ActiveCfg = Debug|Any CPU
		{1D61D0E4-1551-4F46-A7CF-CA77C140823A}.Debug|Any CPU.Build.0 = Debug|Any CPU
		{1D61D0E4-1551-4F46-A7CF-CA77C140823A}.Release|Any CPU.ActiveCfg = Release|Any CPU
		{1D61D0E4-1551-4F46-A7CF-CA77C140823A}.Release|Any CPU.Build.0 = Release|Any CPU
		{1945FFA4-FE44-42EF-AD26-38BC8FECFC29}.Debug|Any CPU.ActiveCfg = Debug|Any CPU
		{1945FFA4-FE44-42EF-AD26-38BC8FECFC29}.Debug|Any CPU.Build.0 = Debug|Any CPU
		{1945FFA4-FE44-42EF-AD26-38BC8FECFC29}.Release|Any CPU.ActiveCfg = Release|Any CPU
		{1945FFA4-FE44-42EF-AD26-38BC8FECFC29}.Release|Any CPU.Build.0 = Release|Any CPU
		{12AD25C5-112B-493E-B082-0CB190D6598B}.Debug|Any CPU.ActiveCfg = Debug|Any CPU
		{12AD25C5-112B-493E-B082-0CB190D6598B}.Debug|Any CPU.Build.0 = Debug|Any CPU
		{12AD25C5-112B-493E-B082-0CB190D6598B}.Release|Any CPU.ActiveCfg = Release|Any CPU
		{12AD25C5-112B-493E-B082-0CB190D6598B}.Release|Any CPU.Build.0 = Release|Any CPU
		{F831C6ED-540D-4615-9EA3-EE8239A7EC88}.Debug|Any CPU.ActiveCfg = Debug|Any CPU
		{F831C6ED-540D-4615-9EA3-EE8239A7EC88}.Debug|Any CPU.Build.0 = Debug|Any CPU
		{F831C6ED-540D-4615-9EA3-EE8239A7EC88}.Release|Any CPU.ActiveCfg = Release|Any CPU
		{F831C6ED-540D-4615-9EA3-EE8239A7EC88}.Release|Any CPU.Build.0 = Release|Any CPU
		{7281E469-6962-4CD0-AD97-6B0C1DC00D80}.Debug|Any CPU.ActiveCfg = Debug|Any CPU
		{7281E469-6962-4CD0-AD97-6B0C1DC00D80}.Debug|Any CPU.Build.0 = Debug|Any CPU
		{7281E469-6962-4CD0-AD97-6B0C1DC00D80}.Release|Any CPU.ActiveCfg = Release|Any CPU
		{7281E469-6962-4CD0-AD97-6B0C1DC00D80}.Release|Any CPU.Build.0 = Release|Any CPU
		{D8B6970C-1A7F-4632-9248-E29E006EE3F8}.Debug|Any CPU.ActiveCfg = Debug|Any CPU
		{D8B6970C-1A7F-4632-9248-E29E006EE3F8}.Debug|Any CPU.Build.0 = Debug|Any CPU
		{D8B6970C-1A7F-4632-9248-E29E006EE3F8}.Release|Any CPU.ActiveCfg = Release|Any CPU
		{D8B6970C-1A7F-4632-9248-E29E006EE3F8}.Release|Any CPU.Build.0 = Release|Any CPU
		{9B8C0B78-AC6F-4A9A-AD8D-C3420585C894}.Debug|Any CPU.ActiveCfg = Debug|Any CPU
		{9B8C0B78-AC6F-4A9A-AD8D-C3420585C894}.Debug|Any CPU.Build.0 = Debug|Any CPU
		{9B8C0B78-AC6F-4A9A-AD8D-C3420585C894}.Release|Any CPU.ActiveCfg = Release|Any CPU
		{9B8C0B78-AC6F-4A9A-AD8D-C3420585C894}.Release|Any CPU.Build.0 = Release|Any CPU
		{1704035B-8976-4461-8C7D-3E508D0B97C7}.Debug|Any CPU.ActiveCfg = Debug|Any CPU
		{1704035B-8976-4461-8C7D-3E508D0B97C7}.Debug|Any CPU.Build.0 = Debug|Any CPU
		{1704035B-8976-4461-8C7D-3E508D0B97C7}.Release|Any CPU.ActiveCfg = Release|Any CPU
		{1704035B-8976-4461-8C7D-3E508D0B97C7}.Release|Any CPU.Build.0 = Release|Any CPU
		{6E271E45-D7C9-4E29-8051-F54B3F099D51}.Debug|Any CPU.ActiveCfg = Debug|Any CPU
		{6E271E45-D7C9-4E29-8051-F54B3F099D51}.Debug|Any CPU.Build.0 = Debug|Any CPU
		{6E271E45-D7C9-4E29-8051-F54B3F099D51}.Release|Any CPU.ActiveCfg = Release|Any CPU
		{6E271E45-D7C9-4E29-8051-F54B3F099D51}.Release|Any CPU.Build.0 = Release|Any CPU
		{AD479462-8EA4-403C-B057-5368B9332C9D}.Debug|Any CPU.ActiveCfg = Debug|Any CPU
		{AD479462-8EA4-403C-B057-5368B9332C9D}.Debug|Any CPU.Build.0 = Debug|Any CPU
		{AD479462-8EA4-403C-B057-5368B9332C9D}.Release|Any CPU.ActiveCfg = Release|Any CPU
		{AD479462-8EA4-403C-B057-5368B9332C9D}.Release|Any CPU.Build.0 = Release|Any CPU
		{3F5122A3-B95B-4359-B1E1-6D66506BF7E6}.Debug|Any CPU.ActiveCfg = Debug|Any CPU
		{3F5122A3-B95B-4359-B1E1-6D66506BF7E6}.Debug|Any CPU.Build.0 = Debug|Any CPU
		{3F5122A3-B95B-4359-B1E1-6D66506BF7E6}.Release|Any CPU.ActiveCfg = Release|Any CPU
		{3F5122A3-B95B-4359-B1E1-6D66506BF7E6}.Release|Any CPU.Build.0 = Release|Any CPU
		{1445ECAF-D5AC-45D2-9012-5D8B88F74C10}.Debug|Any CPU.ActiveCfg = Debug|Any CPU
		{1445ECAF-D5AC-45D2-9012-5D8B88F74C10}.Debug|Any CPU.Build.0 = Debug|Any CPU
		{1445ECAF-D5AC-45D2-9012-5D8B88F74C10}.Release|Any CPU.ActiveCfg = Release|Any CPU
		{1445ECAF-D5AC-45D2-9012-5D8B88F74C10}.Release|Any CPU.Build.0 = Release|Any CPU
	EndGlobalSection
EndGlobal
